
Microsoft Visual Studio Solution File, Format Version 12.00
# Visual Studio Version 16
VisualStudioVersion = 16.0.31410.357
MinimumVisualStudioVersion = 10.0.40219.1
Project("{FAE04EC0-301F-11D3-BF4B-00C04F79EFBC}") = "ProductCatalog", "ProductCatalog.csproj", "{4F7304D4-7D37-4533-86BE-5EFEB72794F8}"
EndProject
Global
	GlobalSection(SolutionConfigurationPlatforms) = preSolution
		Debug|Any CPU = Debug|Any CPU
		Release|Any CPU = Release|Any CPU
	EndGlobalSection
	GlobalSection(ProjectConfigurationPlatforms) = postSolution
		{4F7304D4-7D37-4533-86BE-5EFEB72794F8}.Debug|Any CPU.ActiveCfg = Debug|Any CPU
		{4F7304D4-7D37-4533-86BE-5EFEB72794F8}.Debug|Any CPU.Build.0 = Debug|Any CPU
		{4F7304D4-7D37-4533-86BE-5EFEB72794F8}.Release|Any CPU.ActiveCfg = Release|Any CPU
		{4F7304D4-7D37-4533-86BE-5EFEB72794F8}.Release|Any CPU.Build.0 = Release|Any CPU
	EndGlobalSection
	GlobalSection(SolutionProperties) = preSolution
		HideSolutionNode = FALSE
	EndGlobalSection
	GlobalSection(ExtensibilityGlobals) = postSolution
		SolutionGuid = {55267C1D-DC8E-4318-B459-6507CE825AA4}
	EndGlobalSection
EndGlobal
